
Microsoft Visual Studio Solution File, Format Version 11.00
# Visual Studio 2010
Project("{8BC9CEB8-8B4A-11D0-8D11-00A0C91BC942}") = "数组排序", "数组排序\数组排序.vcxproj", "{3342643B-E3CB-4210-BDF4-5B6BA0E5386D}"
EndProject
Global
	GlobalSection(SolutionConfigurationPlatforms) = preSolution
		Debug|Win32 = Debug|Win32
		Release|Win32 = Release|Win32
	EndGlobalSection
	GlobalSection(ProjectConfigurationPlatforms) = postSolution
		{3342643B-E3CB-4210-BDF4-5B6BA0E5386D}.Debug|Win32.ActiveCfg = Debug|Win32
		{3342643B-E3CB-4210-BDF4-5B6BA0E5386D}.Debug|Win32.Build.0 = Debug|Win32
		{3342643B-E3CB-4210-BDF4-5B6BA0E5386D}.Release|Win32.ActiveCfg = Release|Win32
		{3342643B-E3CB-4210-BDF4-5B6BA0E5386D}.Release|Win32.Build.0 = Release|Win32
	EndGlobalSection
	GlobalSection(SolutionProperties) = preSolution
		HideSolutionNode = FALSE
	EndGlobalSection
EndGlobal
