
Microsoft Visual Studio Solution File, Format Version 11.00
# Visual Studio 2010
Project("{8BC9CEB8-8B4A-11D0-8D11-00A0C91BC942}") = "二维数组处理", "二维数组处理\二维数组处理.vcxproj", "{A03889E7-63FE-4F87-8F2A-C3A36A12C433}"
EndProject
Global
	GlobalSection(SolutionConfigurationPlatforms) = preSolution
		Debug|Win32 = Debug|Win32
		Release|Win32 = Release|Win32
	EndGlobalSection
	GlobalSection(ProjectConfigurationPlatforms) = postSolution
		{A03889E7-63FE-4F87-8F2A-C3A36A12C433}.Debug|Win32.ActiveCfg = Debug|Win32
		{A03889E7-63FE-4F87-8F2A-C3A36A12C433}.Debug|Win32.Build.0 = Debug|Win32
		{A03889E7-63FE-4F87-8F2A-C3A36A12C433}.Release|Win32.ActiveCfg = Release|Win32
		{A03889E7-63FE-4F87-8F2A-C3A36A12C433}.Release|Win32.Build.0 = Release|Win32
	EndGlobalSection
	GlobalSection(SolutionProperties) = preSolution
		HideSolutionNode = FALSE
	EndGlobalSection
EndGlobal
